{
    "_meta": {
        "hash": {
            "sha256": "c2043ec3fd88d57744aeaf61626dcbab322c325ad1fec4310a0a48bfd8cc65db"
        },
        "pipfile-spec": 6,
        "requires": {},
        "sources": [
            {
                "name": "pypi",
                "url": "https://pypi.org/simple",
                "verify_ssl": true
            }
        ]
    },
    "default": {
        "certifi": {
            "hashes": [
                "sha256:84c85a9078b11105f04f3036a9482ae10e4621616db313fe045dd24743a0820d",
                "sha256:fe86415d55e84719d75f8b69414f6438ac3547d2078ab91b67e779ef69378412"
            ],
            "markers": "python_full_version >= '3.6.0'",
            "version": "==2022.6.15"
        },
        "charset-normalizer": {
            "hashes": [
                "sha256:5189b6f22b01957427f35b6a08d9a0bc45b46d3788ef5a92e978433c7a35f8a5",
                "sha256:575e708016ff3a5e3681541cb9d79312c416835686d054a23accb873b254f413"
            ],
            "markers": "python_full_version >= '3.6.0'",
            "version": "==2.1.0"
        },
        "click": {
            "hashes": [
                "sha256:7682dc8afb30297001674575ea00d1814d808d6a36af415a82bd481d37ba7b8e",
                "sha256:bb4d8133cb15a609f44e8213d9b391b0809795062913b383c62be0ee95b1db48"
            ],
            "markers": "python_version >= '3.7'",
            "version": "==8.1.3"
        },
        "colorama": {
            "hashes": [
                "sha256:854bf444933e37f5824ae7bfc1e98d5bce2ebe4160d46b5edf346a89358e99da",
                "sha256:e6c6b4334fc50988a639d9b98aa429a0b57da6e17b9a44f0451f930b6967b7a4"
            ],
            "markers": "platform_system == 'Windows'",
            "version": "==0.4.5"
        },
        "dnspython": {
            "hashes": [
                "sha256:0f7569a4a6ff151958b64304071d370daa3243d15941a7beedf0c9fe5105603e",
                "sha256:a851e51367fb93e9e1361732c1d60dab63eff98712e503ea7d92e6eccb109b4f"
            ],
            "version": "==2.2.1"
        },
        "idna": {
            "hashes": [
                "sha256:84d9dd047ffa80596e0f246e2eab0b391788b0503584e8945f2368256d2735ff",
                "sha256:9d643ff0a55b762d5cdb124b8eaa99c66322e2157b69160bc32796e824360e6d"
            ],
            "markers": "python_version >= '3.5'",
            "version": "==3.3"
        },
        "jellyfish": {
            "hashes": [
                "sha256:35eefbbfb93aa82a4a4e5eafc3b866c3ac26418f064c4538c345b11cdebf2b5b",
                "sha256:3b6ffe2ab3d557892db1f87bb4846dfb7a697eba9248d6f2554555f998f4a265",
                "sha256:40c9a2ffd8bd3016f7611d424120442f627f56d518a106847dc93f0ead6ad79a",
                "sha256:465a2109e16b87554aec7ddd4ba0c8798f2377f6f957aed30dc64ab46b47e703",
                "sha256:514c9d9e69170ac2c3eff48ba02d4f03540538d63028b76ebc8a2cb589e8cdd0",
                "sha256:8759c6d34f1bea5860ab5807968399b9dd259c703f6c5071fcd5703bf7a00d99",
                "sha256:954290c165511681aa9627e3c4305acf425942ad64e745ea56865cff8e0661a6",
                "sha256:96290b1e1acb30b2466112ba4ed9c7b511ac7028d7e9096b38558ea1f0484a98",
                "sha256:a3b9fae0cba82ef5839d8f2e2275387807ccb6c3041fdc8e89bbcadaf09a5837",
                "sha256:b682a6235d581669e6a9f0a6d716a6606bf42525ab90de4c6a49c36bfbdd73b4",
                "sha256:c0cbe9d294f75b4fa05c0a5cb7ca4c8e85297a3ec9bf66d13ed330190a86381f",
                "sha256:c891c1465679bc9c2d114f75364e3b4dadeb6959a37c3e3fa41bc7746a84e060",
                "sha256:cc68f01450290d5ad631f63917834788c178eebaa6efb8196319eea2f146ed70"
            ],
            "markers": "python_version >= '3.7'",
            "version": "==0.9.0"
        },
        "networkx": {
            "hashes": [
                "sha256:5e53f027c0d567cf1f884dbb283224df525644e43afd1145d64c9d88a3584762",
                "sha256:6933b9b3174a0bdf03c911bb4a1ee43a86ce3edeb813e37e1d4c553b3f4a2c4f"
            ],
            "markers": "python_version >= '3.8'",
            "version": "==2.8.4"
        },
        "numpy": {
            "hashes": [
                "sha256:1408c3527a74a0209c781ac82bde2182b0f0bf54dea6e6a363fe0cc4488a7ce7",
                "sha256:173f28921b15d341afadf6c3898a34f20a0569e4ad5435297ba262ee8941e77b",
                "sha256:1865fdf51446839ca3fffaab172461f2b781163f6f395f1aed256b1ddc253622",
                "sha256:3119daed207e9410eaf57dcf9591fdc68045f60483d94956bee0bfdcba790953",
                "sha256:35590b9c33c0f1c9732b3231bb6a72d1e4f77872390c47d50a615686ae7ed3fd",
                "sha256:37e5ebebb0eb54c5b4a9b04e6f3018e16b8ef257d26c8945925ba8105008e645",
                "sha256:37ece2bd095e9781a7156852e43d18044fd0d742934833335599c583618181b9",
                "sha256:3ab67966c8d45d55a2bdf40701536af6443763907086c0a6d1232688e27e5447",
                "sha256:47f10ab202fe4d8495ff484b5561c65dd59177949ca07975663f4494f7269e3e",
                "sha256:55df0f7483b822855af67e38fb3a526e787adf189383b4934305565d71c4b148",
                "sha256:5d732d17b8a9061540a10fda5bfeabca5785700ab5469a5e9b93aca5e2d3a5fb",
                "sha256:68b69f52e6545af010b76516f5daaef6173e73353e3295c5cb9f96c35d755641",
                "sha256:7e8229f3687cdadba2c4faef39204feb51ef7c1a9b669247d49a24f3e2e1617c",
                "sha256:8002574a6b46ac3b5739a003b5233376aeac5163e5dcd43dd7ad062f3e186129",
                "sha256:876f60de09734fbcb4e27a97c9a286b51284df1326b1ac5f1bf0ad3678236b22",
                "sha256:9ce242162015b7e88092dccd0e854548c0926b75c7924a3495e02c6067aba1f5",
                "sha256:a35c4e64dfca659fe4d0f1421fc0f05b8ed1ca8c46fb73d9e5a7f175f85696bb",
                "sha256:aeba539285dcf0a1ba755945865ec61240ede5432df41d6e29fab305f4384db2",
                "sha256:b15c3f1ed08df4980e02cc79ee058b788a3d0bef2fb3c9ca90bb8cbd5b8a3a04",
                "sha256:c2f91f88230042a130ceb1b496932aa717dcbd665350beb821534c5c7e15881c",
                "sha256:d748ef349bfef2e1194b59da37ed5a29c19ea8d7e6342019921ba2ba4fd8b624",
                "sha256:e0d7447679ae9a7124385ccf0ea990bb85bb869cef217e2ea6c844b6a6855073"
            ],
            "markers": "python_version >= '3.8'",
            "version": "==1.23.1"
        },
        "pymongo": {
            "extras": [
                "srv"
            ],
            "hashes": [
                "sha256:019a4c13ef1d9accd08de70247068671b116a0383adcd684f6365219f29f41cd",
                "sha256:07f50a3b8a3afb086089abcd9ab562fb2a27b63fd7017ca13dfe7b663c8f3762",
                "sha256:08a619c92769bd7346434dfc331a3aa8dc63bee80ed0be250bb0e878c69a6f3e",
                "sha256:0a3474e6a0df0077a44573727341df6627042df5ca61ea5373c157bb6512ccc7",
                "sha256:0b8a1c766de29173ddbd316dbd75a97b19a4cf9ac45a39ad4f53426e5df1483b",
                "sha256:0f7e3872fb7b61ec574b7e04302ea03928b670df583f8691cb1df6e54cd42b19",
                "sha256:17df40753085ccba38a0e150001f757910d66440d9b5deced30ed4cc8b45b6f3",
                "sha256:298908478d07871dbe17e9ccd37a10a27ad3f37cc1faaf0cc4d205da3c3e8539",
                "sha256:302ac0f4825501ab0900b8f1a2bb2dc7d28f69c7f15fbc799fb26f9b9ebb1ecb",
                "sha256:303d1b3da2461586379d98b344b529598c8156857285ba5bd156dab1c875d1f6",
                "sha256:306336dab4537b2343e52ec34017c3051c3aee5a961fff4915ab27f7e6d9b1e9",
                "sha256:30d35a8855f328a85e5002f0908b24e500efdf8f5f78b73098995ce111baa2a9",
                "sha256:3139c9ddee379c22a9109a0b3bf4cdb64597db2bbd3909f7a2825b47226977a4",
                "sha256:32e785c37f6a0e844788c6085ea2c9c0c528348c22cebe91896705a92f2b1b26",
                "sha256:33a5693e8d1fbb7743b7e867d43c1095652a0c6fedddab6cefe6020bee2ca393",
                "sha256:35d02603c2318676fca5049cdc722bb2e7a378eaccf139ad767365e0eb3bcdbe",
                "sha256:4516a5ce2beaebddc74d6e304ed520324dda99573c310ef4078284b026f81e93",
                "sha256:49bb36986f11da2da190a2e777a411c0a28eeb8623850091ea8099b84e3860c7",
                "sha256:4aa4800530782f7d38aeb169476a5bc692aacc394686f0ca3866e4bb85c9aa3f",
                "sha256:4d1cdece06156542c18b691511a01fe78a694b9fa287ffd8e15680dbf2beeed5",
                "sha256:4e4d2babb8737d650250d0fa940ffa1b88aa92b8eb399af093734950a1eeca45",
                "sha256:4fd5c4f25d8d488ee5701c3ec786f52907dca653b47ce8709bcc2bfb0f5506ae",
                "sha256:52c8b7bffd2140818ade2aa28c24cfe47935a7273a3bb976d1d8fb17e716536f",
                "sha256:56b856a459762a3c052987e28ed2bd4b874f0be6671d2cc4f74c4891f47f997a",
                "sha256:571a3e1ef4abeb4ac719ac381f5aada664627b4ee048d9995e93b4bcd0f70601",
                "sha256:5cae9c935cdc53e4729920543b7d990615a115d85f32144773bc4b2b05144628",
                "sha256:5d6ef3fa41f3e3be93483a77f81dea8c7ce5ed4411382a31af2b09b9ec5d9585",
                "sha256:6396f0db060db9d8751167ea08f3a77a41a71cd39236fade4409394e57b377e8",
                "sha256:69beffb048de19f7c18617b90e38cbddfac20077b1826c27c3fe2e3ef8ac5a43",
                "sha256:7507439cd799295893b5602f438f8b6a0f483efb00720df1aa33a39102b41bcf",
                "sha256:7aa40509dd9f75c256f0a7533d5e2ccef711dbbf0d91c13ac937d21d76d71656",
                "sha256:7d69a3d980ecbf7238ab37b9027c87ad3b278bb3742a150fc33b5a8a9d990431",
                "sha256:7dae2cf84a09329617b08731b95ad1fc98d50a9b40c2007e351438bd119a2f7a",
                "sha256:7f36eacc70849d40ce86c85042ecfcbeab810691b1a3b08062ede32a2d6521ac",
                "sha256:7f55a602d55e8f0feafde533c69dfd29bf0e54645ab0996b605613cda6894a85",
                "sha256:8357aa727094798f1d831339ecfd8b3e388c01db6015a3cbd51790cb75e39994",
                "sha256:84dc6bfeaeba98fe93fc837b12f9af4842694cdbde18083f150e80aec3de88f9",
                "sha256:86b18420f00d5977bda477369ac85e04185ef94046a04ae0d85f5a807d1a8eb4",
                "sha256:89f32d8450e15b0c11efdc81e2704d68c502c889d48415a50add9fa031144f75",
                "sha256:8a1de8931cdad8cd12724e12a6167eef8cb478cc3ee5d2c9f4670c934f2975e1",
                "sha256:8f106468062ac7ff03e3522a66cb7b36c662326d8eb7af1be0f30563740ff002",
                "sha256:9a4ea87a0401c06b687db29e2ae836b2b58480ab118cb6eea8ac2ef45a4345f8",
                "sha256:9ee1b019a4640bf39c0705ab65e934cfe6b89f1a8dc26f389fae3d7c62358d6f",
                "sha256:a0d7c6d6fbca62508ea525abd869fca78ecf68cd3bcf6ae67ec478aa37cf39c0",
                "sha256:a1417cb339a367a5dfd0e50193a1c0e87e31325547a0e7624ee4ff414c0b53b3",
                "sha256:a35f1937b0560587d478fd2259a6d4f66cf511c9d28e90b52b183745eaa77d95",
                "sha256:a4a35e83abfdac7095430e1c1476e0871e4b234e936f4a7a7631531b09a4f198",
                "sha256:a7d1c8830a7bc10420ceb60a256d25ab5b032a6dad12a46af6ab2e470cee9124",
                "sha256:a938d4d5b530f8ea988afb80817209eabc150c53b8c7af79d40080313a35e470",
                "sha256:a9a2c377106fe01a57bad0f703653de286d56ee5285ed36c6953535cfa11f928",
                "sha256:baf7546afd27be4f96f23307d7c295497fb512875167743b14a7457b95761294",
                "sha256:bb21e2f35d6f09aa4a6df0c716f41e036cfcf05a98323b50294f93085ad775e9",
                "sha256:bc62ba37bcb42e4146b853940b65a2de31c2962d2b6da9bc3ce28270d13b5c4e",
                "sha256:be3ba736aabf856195199208ed37459408c932940cbccd2dc9f6ff2e800b0261",
                "sha256:c03eb43d15c8af58159e7561076634d565530aaacaf48cf4e070c3501e88a372",
                "sha256:c1349331fa743eed4042f9652200e60596f8beb957554acbcbb42aad4272c606",
                "sha256:c3637cfce519560e2a2579d05eb81e912d109283b8ddc8de46f57ec20d273d92",
                "sha256:c481cd1af2a77f58f495f7f87c2d715c6f1179d07c1ec927cca1f7977a2d99aa",
                "sha256:c575f9499e5f540e034ff87bef894f031ae613a98b0d1d3afcc1f482527d5f1c",
                "sha256:c604831daf2e7e5979ecd97a90cb8c4a7bae208ff45bc792e32eae09c3281afb",
                "sha256:c759e1e0333664831d8d1d6b26cf59f23f3707758f696c71f506504b33130f81",
                "sha256:c8a2743dd50629c0222f26c5f55975e45841d985b4b1c7a54b3f03b53de3427d",
                "sha256:cbcac9263f500da94405cc9fc7e7a42a3ba6c2fe88b2cd7039737cba44c66889",
                "sha256:cce1b7a680653e31ff2b252f19a39f1ded578a35a96c419ddb9632c62d2af7d8",
                "sha256:cf96799b3e5e2e2f6dbca015f72b28e7ae415ce8147472f89a3704a035d6336d",
                "sha256:d06ed18917dbc7a938c4231cbbec52a7e474be270b2ef9208abb4d5a34f5ceb9",
                "sha256:d4ba5b4f1a0334dbe673f767f28775744e793fcb9ea57a1d72bc622c9f90e6b4",
                "sha256:d7b8f25c9b0043cbaf77b8b895814e33e7a3c807a097377c07e1bd49946030d5",
                "sha256:d86511ef8217822fb8716460aaa1ece31fe9e8a48900e541cb35acb7c35e9e2e",
                "sha256:db8a9cbe965c7343feab2e2bf9a3771f303f8a7ca401dececb6ef28e06b3b18c",
                "sha256:dbe92a8808cefb284e235b8f82933d7d2e24ff929fe5d53f1fd3ca55fced4b58",
                "sha256:deb83cc9f639045e2febcc8d4306d4b83893af8d895f2ed70aa342a3430b534c",
                "sha256:df9084e06efb3d59608a6a443faa9861828585579f0ae8e95f5a4dab70f1a00f",
                "sha256:dfb89e92746e4a1e0d091cba73d6cc1e16b4094ebdbb14c2e96a80320feb1ad7",
                "sha256:e13ddfe2ead9540e8773cae098f54c5206d6fcef64846a3e5042db47fc3a41ed",
                "sha256:e4956384340eec7b526149ac126c8aa11d32441cb3ce77a690cb4821d0d0635c",
                "sha256:e6eecd027b6ba5617ea6af3e12e20d578d8f4ad1bf51a9abe69c6fd4835ea532",
                "sha256:eff9818b7671a55f1ce781398607e0d8c304cd430c0581fbe15b868a7a371c27",
                "sha256:f0aea377b9dfc166c8fa05bb158c30ee3d53d73f0ed2fc05ba6c638d9563422f",
                "sha256:f1fba193ab2f25849e24caa4570611aa2f80bc1c1ba791851523734b4ed69e43",
                "sha256:f6db4f00d3baad615e99a865539391243d12b113fb628ebda1d7794ce02d5a10",
                "sha256:f9405c02af86850e0a8a8ba777b7e7609e0d07bff46adc4f78892cc2d5456018",
                "sha256:fb4445e3721720c5ca14c0650f35c263b3430e6e16df9d2504618df914b3fb99"
            ],
            "index": "pypi",
            "version": "==4.1.1"
        },
        "pytelegrambotapi": {
            "hashes": [
                "sha256:b1aea4c3c867586b7efaa80d54db3b710f4b24aeb8095bfcef568ff27d3ca510"
            ],
            "index": "pypi",
            "version": "==4.6.0"
        },
        "python-dotenv": {
            "hashes": [
                "sha256:b7e3b04a59693c42c36f9ab1cc2acc46fa5df8c78e178fc33a8d4cd05c8d498f",
                "sha256:d92a187be61fe482e4fd675b6d52200e7be63a12b724abbf931a40ce4fa92938"
            ],
            "index": "pypi",
            "version": "==0.20.0"
        },
        "regex": {
            "hashes": [
                "sha256:00d2e907d3c5e4f85197c8d2263a9cc2d34bf234a9c6236ae42a3fb0bc09b759",
                "sha256:0186edcda692c38381db8ac257c2d023fd2e08818d45dc5bee4ed84212045f51",
                "sha256:06c509bd7dcb7966bdb03974457d548e54d8327bad5b0c917e87248edc43e2eb",
                "sha256:0a3f3f45c5902eb4d90266002ccb035531ae9b9278f6d5e8028247c34d192099",
                "sha256:0c1821146b429e6fdbd13ea10f26765e48d5284bc79749468cfbfe3ceb929f0d",
                "sha256:0d93167b7d7731fa9ff9fdc1bae84ec9c7133b01a35f8cc04e926d48da6ce1f7",
                "sha256:0fd8c3635fa03ef79d07c7b3ed693b3f3930ccb52c0c51761c3296a7525b135c",
                "sha256:119091c675e6ad19da8770f89aa1d52f4ad2a2018d631956f3e90c45882df880",
                "sha256:121981ba84309dabefd5e1debd49be6d51624e54b4d44bfc184cd8d555ff1df1",
                "sha256:1244e9b9b4b81c9c34e8a84273ffaeebdc78abc98a5b02dcdd49845eb3c63bd7",
                "sha256:12e1404dfb4e928d3273a10e3468877fe84bdcd3c50b655a2c9613cfc5d9fe63",
                "sha256:13d74951c14708f00700bb29475129ecbc40e01b4029c62ee7bfe9d1f59f31ce",
                "sha256:162a5939a6fdf48658d3565eeff35acdd207e07367bf5caaff3d9ea7cb77d7a9",
                "sha256:1703490c5b850fa9cef1af00c58966756042e6ca22f4fb5bb857345cd535834f",
                "sha256:18e6203cfd81df42a987175aaeed7ba46bcb42130cd81763e2d5edcff0006d5d",
                "sha256:192c2784833aea6fc7b004730bf1b91b8b8c6b998b30271aaf3bd8adfef20a96",
                "sha256:1948d3ceac5b2d55bc93159c1e0679a256a87a54c735be5cef4543a9e692dbb9",
                "sha256:206a327e628bc529d64b21ff79a5e2564f5aec7dc7abcd4b2e8a4b271ec10550",
                "sha256:2e5db20412f0db8798ff72473d16da5f13ec808e975b49188badb2462f529fa9",
                "sha256:2f94b0befc811fe74a972b1739fffbf74c0dc1a91102aca8e324aa4f2c6991bd",
                "sha256:303676797c4c7978726e74eb8255d68f7125a3a29da71ff453448f2117290e9a",
                "sha256:34ae4f35db30caa4caf85c55069fcb7a05966a3a5ba6e9e1dab5477d84fbb08a",
                "sha256:3c6df8be7d1dd35a0d9a200fbc29f888c4452c8882d284f87608046152e049e6",
                "sha256:402fa998c5988d11ed34585eb65740dcebd0fd11844d12eb0a6b4be178eb9c64",
                "sha256:40a28759d345c0bb1f5b0ac74ac04f5d48136019522c95c0ec4b07786f67ce20",
                "sha256:414ae507ba88264444baf771fec43ce0adcd4c5dbb304d3e0716f3f4d4499d2e",
                "sha256:42da079e31ae9818ffa7a35cdd16ab7104e3f7eca9c0958040aede827b2e55c6",
                "sha256:473a7d21932ce7c314953b33c32e63df690181860edcdf14bba1278cdf71b07f",
                "sha256:49fcb45931a693b0e901972c5e077ea2cf30ec39da699645c43cb8b1542c6e14",
                "sha256:4c5913cb9769038bd03e42318955c2f15a688384a6a0b807bcfc8271603d9277",
                "sha256:4cfeb71095c8d8380a5df5a38ff94d27a3f483717e509130a822b4d6400b7991",
                "sha256:4dc74f0171eede67d79a79c06eca0fe5b7b280dbb8c27ad1fae4ced2ad66268f",
                "sha256:5b1cffff2d9f832288fe516021cb81c95c57c0067b13a82f1d2daabdbc2f4270",
                "sha256:601c99ac775b6c89699a48976f3dbb000b47d3ca59362c8abc9582e6d0780d91",
                "sha256:667a06bb8d72b6da3d9cf38dac4ba969688868ed2279a692e993d2c0e1c30aba",
                "sha256:673549a0136c7893f567ed71ab5225ed3701c79b17c0a7faee846c645fc24010",
                "sha256:67bd3bdd27db7a6460384869dd4b9c54267d805b67d70b20495bb5767f8e051c",
                "sha256:727edff0a4eaff3b6d26cbb50216feac9055aba7e6290eec23c061c2fe2fab55",
                "sha256:782627a1cb8fbb1c78d8e841f5b71c2c683086c038f975bebdac7cce7678a96f",
                "sha256:7d462ba84655abeddae4dfc517fe1afefb5430b3b5acb0a954de12a47aea7183",
                "sha256:8ab39aa445d00902c43a1e951871bedc7f18d095a21eccba153d594faac34aea",
                "sha256:8e2075ed4ea2e231e2e98b16cfa5dae87e9a6045a71104525e1efc29aa8faa8e",
                "sha256:9daeccb2764bf4cc280c40c6411ae176bb0876948e536590a052b3d647254c95",
                "sha256:9e4006942334fa954ebd32fa0728718ec870f95f4ba7cda9edc46dd49c294f22",
                "sha256:9f1c8fffd4def0b76c0947b8cb261b266e31041785dc2dc2db7569407a2f54fe",
                "sha256:a00cd58a30a1041c193777cb1bc090200b05ff4b073d5935738afd1023e63069",
                "sha256:a0220a7a16fd4bfc700661f920510defd31ef7830ce992d5cc51777aa8ccd724",
                "sha256:a048f91823862270905cb22ef88038b08aac852ce48e0ecc4b4bf1b895ec37d9",
                "sha256:a3c47c71fde0c5d584402e67546c81af9951540f1f622d821e9c20761556473a",
                "sha256:a6d9ea727fd1233ee746bf44dd37e7d4320b3ed8ff09e73d7638c969b28d280f",
                "sha256:ab0709daedc1099bbd4371ae17eeedd4efc1cf70fcdcfe5de1374a0944b61f80",
                "sha256:ab1cb36b411f16da6e057ef8e6657dd0af36f59a667f07e0b4b617e44e53d7b2",
                "sha256:ae1c5b435d44aa91d48cc710f20c3485e0584a3ad3565d5ae031d61a35f674f4",
                "sha256:b279b9bb401af41130fd2a09427105100bc8c624ed45da1c81c1c0d0aa639734",
                "sha256:b72a4ec79a15f6066d14ae1c472b743af4b4ecee14420e8d6e4a336b49b8f21c",
                "sha256:c2cd93725911c0159d597b90c96151070ef7e0e67604637e2f2abe06c34bf079",
                "sha256:c7c5f914b0eb5242c09f91058b80295525897e873b522575ab235b48db125597",
                "sha256:d07d849c9e2eca80adb85d3567302a47195a603ad7b1f0a07508e253c041f954",
                "sha256:d2672d68cf6c8452b6758fc3cd2d8feac966d511eed79a68182a5297b473af9c",
                "sha256:d35bbcbf70d14f724e7489746cf68efe122796578addd98f91428e144d0ad266",
                "sha256:d40b4447784dbe0896a6d10a178f6724598161f942c56f5a60dc0ef7fe63f7a1",
                "sha256:d561dcb0fb0ab858291837d51330696a45fd3ba6912a332a4ee130e5484b9e47",
                "sha256:d7f5ccfff648093152cadf6d886c7bd922047532f72024c953a79c7553aac2fe",
                "sha256:dce6b2ad817e3eb107f8704782b091b0631dd3adf47f14bdc086165d05b528b0",
                "sha256:e1fdda3ec7e9785065b67941693995cab95b54023a21db9bf39e54cc7b2c3526",
                "sha256:e2a262ec85c595fc8e1f3162cafc654d2219125c00ea3a190c173cea70d2cc7a",
                "sha256:e2fc1e3928c1189c0382c547c17717c6d9f425fffe619ef94270fe4c6c8be0a6",
                "sha256:ea27acd97a752cfefa9907da935e583efecb302e6e9866f37565968c8407ad58",
                "sha256:ee769a438827e443ed428e66d0aa7131c653ecd86ddc5d4644a81ed1d93af0e7",
                "sha256:f32e0d1c7e7b0b9c3cac76f3d278e7ee6b99c95672d2c1c6ea625033431837c0",
                "sha256:f355caec5bbce20421dc26e53787b10e32fd0df68db2b795435217210c08d69c",
                "sha256:f87e9108bb532f8a1fc6bf7e69b930a35c7b0267b8fef0a3ede0bcb4c5aaa531",
                "sha256:f8a2fd2f62a77536e4e3193303bec380df40d99e253b1c8f9b6eafa07eaeff67",
                "sha256:fbdf4fc6adf38fab1091c579ece3fe9f493bd0f1cfc3d2c76d2e52461ca4f8a9"
            ],
            "markers": "python_full_version >= '3.6.0'",
            "version": "==2022.7.9"
        },
        "requests": {
            "hashes": [
                "sha256:7c5599b102feddaa661c826c56ab4fee28bfd17f5abca1ebbe3e7f19d7c97983",
                "sha256:8fefa2a1a1365bf5520aac41836fbee479da67864514bdb821f31ce07ce65349"
            ],
            "index": "pypi",
            "version": "==2.28.1"
        },
        "segtok": {
            "hashes": [
                "sha256:8ab2dd44245bcbfec25b575dc4618473bbdf2af8c2649698cd5a370f42f3db23",
                "sha256:910616b76198c3141b2772df530270d3b706e42ae69a5b30ef115c7bd5d1501a"
            ],
            "version": "==1.5.11"
        },
        "tabulate": {
            "hashes": [
                "sha256:0ba055423dbaa164b9e456abe7920c5e8ed33fcc16f6d1b2f2d152c8e1e8b4fc",
                "sha256:436f1c768b424654fce8597290d2764def1eea6a77cfa5c33be00b1bc0f4f63d",
                "sha256:6c57f3f3dd7ac2782770155f3adb2db0b1a269637e42f27599925e64b114f519"
            ],
            "markers": "python_version >= '2.7' and python_version not in '3.0, 3.1, 3.2, 3.3, 3.4'",
            "version": "==0.8.10"
        },
        "urllib3": {
            "hashes": [
                "sha256:8298d6d56d39be0e3bc13c1c97d133f9b45d797169a0e11cdd0e0489d786f7ec",
                "sha256:879ba4d1e89654d9769ce13121e0f94310ea32e8d2f8cf587b77c08bbcdb30d6"
            ],
            "markers": "python_version >= '2.7' and python_version not in '3.0, 3.1, 3.2, 3.3, 3.4, 3.5' and python_version < '4'",
            "version": "==1.26.10"
        },
        "yake": {
            "hashes": [
                "sha256:859f379ac49ca204a0bc1527217f937321e87b68287f81db9700fc1039fd529a",
                "sha256:d46793266826468b4aecb668c51e677b7bc304f1bd3a15e100e324852ec5a0c3"
            ],
            "index": "pypi",
            "version": "==0.4.8"
        }
    },
    "develop": {}
}
